{
  "name": "cfp-export-csv",
  "lockfileVersion": 3,
  "requires": true,
  "packages": {
    "": {
      "name": "cfp-export-csv",
      "license": "MIT",
      "dependencies": {
        "json-2-csv": "^5.5.11"
      }
    },
    "node_modules/deeks": {
      "version": "3.2.1",
      "resolved": "https://registry.npmjs.org/deeks/-/deeks-3.2.1.tgz",
      "integrity": "sha512-D/o0k3pCG1aI1cxb/dDiWmtMc4Rh7ZQBybXpfMsw9Rbtqwg8kUA9SpYkWcw0pAUjZSnPm8MluctiS0o68r69jQ==",
      "license": "MIT",
      "engines": {
        "node": ">= 16"
      }
    },
    "node_modules/doc-path": {
      "version": "4.1.4",
      "resolved": "https://registry.npmjs.org/doc-path/-/doc-path-4.1.4.tgz",
      "integrity": "sha512-yw5D++UCIB6a033PvQaUvSpW2QuKW0+DOId763n0Q4z3brxS7G8oQr8yBQ1nQFkognKrAVrV6I55TLeU9cfXTg==",
      "license": "MIT",
      "engines": {
        "node": ">=16"
      }
    },
    "node_modules/json-2-csv": {
      "version": "5.5.11",
      "resolved": "https://registry.npmjs.org/json-2-csv/-/json-2-csv-5.5.11.tgz",
      "integrity": "sha512-kVuwgVL7rfad9ETf02ZZxJPuMR5ZSUn139+T34BfmVxYhb/IsAIm/LzEeQ8YLJmXfuQ5z7LUAFrgPZZM6VLJPw==",
      "license": "MIT",
      "dependencies": {
        "deeks": "3.2.1",
        "doc-path": "4.1.4"
      },
      "engines": {
        "node": ">= 16"
      }
    }
  }
}
